
Microsoft Visual Studio Solution File, Format Version 11.00
# Visual Studio 2010
Project("{FAE04EC0-301F-11D3-BF4B-00C04F79EFBC}") = "jquery-pt-textmeter", "Webroot\jquery-pt-textmeter.csproj", "{4FD96AB3-5652-49EB-8528-417301586420}"
EndProject
Global
	GlobalSection(SolutionConfigurationPlatforms) = preSolution
		Debug|Any CPU = Debug|Any CPU
		Release|Any CPU = Release|Any CPU
	EndGlobalSection
	GlobalSection(ProjectConfigurationPlatforms) = postSolution
		{4FD96AB3-5652-49EB-8528-417301586420}.Debug|Any CPU.ActiveCfg = Debug|Any CPU
		{4FD96AB3-5652-49EB-8528-417301586420}.Debug|Any CPU.Build.0 = Debug|Any CPU
		{4FD96AB3-5652-49EB-8528-417301586420}.Release|Any CPU.ActiveCfg = Release|Any CPU
		{4FD96AB3-5652-49EB-8528-417301586420}.Release|Any CPU.Build.0 = Release|Any CPU
	EndGlobalSection
	GlobalSection(SolutionProperties) = preSolution
		HideSolutionNode = FALSE
	EndGlobalSection
EndGlobal
